
Microsoft Visual Studio Solution File, Format Version 9.00
# Visual Studio 2005
Project("{8BC9CEB8-8B4A-11D0-8D11-00A0C91BC942}") = "Batlteships", "Batlteships.vcproj", "{685FB3A5-4080-4FA7-8C69-AF6406E38DA5}"
	ProjectSection(WebsiteProperties) = preProject
		Debug.AspNetCompiler.Debug = "True"
		Release.AspNetCompiler.Debug = "False"
	EndProjectSection
EndProject
Global
	GlobalSection(SolutionConfigurationPlatforms) = preSolution
		Debug|Win32 = Debug|Win32
		Release|Win32 = Release|Win32
	EndGlobalSection
	GlobalSection(ProjectConfigurationPlatforms) = postSolution
		{685FB3A5-4080-4FA7-8C69-AF6406E38DA5}.Debug|Win32.ActiveCfg = Debug|Win32
		{685FB3A5-4080-4FA7-8C69-AF6406E38DA5}.Debug|Win32.Build.0 = Debug|Win32
		{685FB3A5-4080-4FA7-8C69-AF6406E38DA5}.Release|Win32.ActiveCfg = Release|Win32
		{685FB3A5-4080-4FA7-8C69-AF6406E38DA5}.Release|Win32.Build.0 = Release|Win32
	EndGlobalSection
	GlobalSection(SolutionProperties) = preSolution
		HideSolutionNode = FALSE
	EndGlobalSection
EndGlobal
