Microsoft Visual Studio Solution File, Format Version 10.00
# Visual Studio 2008
Project("{8BC9CEB8-8B4A-11D0-8D11-00A0C91BC942}") = "_Ocerus", "Ocerus.vcproj", "{685FB3A5-4080-4FA7-8C69-AF6406E38DA6}"
	ProjectSection(ProjectDependencies) = postProject
		{5E06B00E-DAB1-41D2-81B6-B3D0A31B7E49} = {5E06B00E-DAB1-41D2-81B6-B3D0A31B7E49}
		{685FB3A5-4080-4FA7-8C69-AF6406E38DA5} = {685FB3A5-4080-4FA7-8C69-AF6406E38DA5}
	EndProjectSection
EndProject
Project("{8BC9CEB8-8B4A-11D0-8D11-00A0C91BC942}") = "OIS", "..\externalLibs\ois\Win32\OIS.vcproj", "{9CC704CB-4956-4479-BDEC-57CBC03F700E}"
EndProject
Project("{8BC9CEB8-8B4A-11D0-8D11-00A0C91BC942}") = "RudeConfig", "..\externalLibs\rudeconfig\RudeConfig.vcproj", "{ABD59B39-A335-43E3-8087-0CEB68C4BEEA}"
EndProject
Project("{8BC9CEB8-8B4A-11D0-8D11-00A0C91BC942}") = "Box2D", "..\externalLibs\Box2D\Build\VC9\Box2D.vcproj", "{7A2DFC3D-516A-471D-A215-BD40E5E5AD9A}"
EndProject
Project("{8BC9CEB8-8B4A-11D0-8D11-00A0C91BC942}") = "expat", "..\externalLibs\expat\lib\expat.vcproj", "{8AEC6643-4014-4B8F-A154-4F2172B202A8}"
EndProject
Project("{8BC9CEB8-8B4A-11D0-8D11-00A0C91BC942}") = "UnitTest++", "..\externalLibs\UnitTest++\UnitTest++.vsnet2008.vcproj", "{64A4FEFE-0461-4E95-8CC1-91EF5F57DBC6}"
EndProject
Project("{8BC9CEB8-8B4A-11D0-8D11-00A0C91BC942}") = "_Engine", "Engine.vcproj", "{685FB3A5-4080-4FA7-8C69-AF6406E38DA5}"
	ProjectSection(ProjectDependencies) = postProject
		{5E06B00E-DAB1-41D2-81B6-B3D0A31B7E49} = {5E06B00E-DAB1-41D2-81B6-B3D0A31B7E49}
		{1E9BC011-CA16-E143-BB99-09CC64F67F46} = {1E9BC011-CA16-E143-BB99-09CC64F67F46}
		{ABD59B39-A335-43E3-8087-0CEB68C4BEEA} = {ABD59B39-A335-43E3-8087-0CEB68C4BEEA}
		{7A2DFC3D-516A-471D-A215-BD40E5E5AD9A} = {7A2DFC3D-516A-471D-A215-BD40E5E5AD9A}
		{8AEC6643-4014-4B8F-A154-4F2172B202A8} = {8AEC6643-4014-4B8F-A154-4F2172B202A8}
		{8C06E950-B3EC-0146-83B2-3FF7BC19F56C} = {8C06E950-B3EC-0146-83B2-3FF7BC19F56C}
		{4CED6682-B5F6-C547-BB54-218E4462A79C} = {4CED6682-B5F6-C547-BB54-218E4462A79C}
		{F988AD85-AD6C-4F25-A383-9BEDE2ACE1F2} = {F988AD85-AD6C-4F25-A383-9BEDE2ACE1F2}
		{39E6AF97-6BA3-4A72-8C61-BCEBF214EBFD} = {39E6AF97-6BA3-4A72-8C61-BCEBF214EBFD}
		{C32FB2B4-500C-43CD-A099-EECCE079D3F1} = {C32FB2B4-500C-43CD-A099-EECCE079D3F1}
		{DF6787C8-0FA1-0D4D-AE81-0F3450F4ACB7} = {DF6787C8-0FA1-0D4D-AE81-0F3450F4ACB7}
		{9CC704CB-4956-4479-BDEC-57CBC03F700E} = {9CC704CB-4956-4479-BDEC-57CBC03F700E}
		{95A439DA-4956-AA45-A86D-C1876BD6E48C} = {95A439DA-4956-AA45-A86D-C1876BD6E48C}
	EndProjectSection
EndProject
Project("{8BC9CEB8-8B4A-11D0-8D11-00A0C91BC942}") = "_Test", "Test.vcproj", "{685FB3A5-4080-4FA7-8C69-AF6406E38DA7}"
	ProjectSection(ProjectDependencies) = postProject
		{685FB3A5-4080-4FA7-8C69-AF6406E38DA5} = {685FB3A5-4080-4FA7-8C69-AF6406E38DA5}
		{64A4FEFE-0461-4E95-8CC1-91EF5F57DBC6} = {64A4FEFE-0461-4E95-8CC1-91EF5F57DBC6}
	EndProjectSection
EndProject
Project("{8BC9CEB8-8B4A-11D0-8D11-00A0C91BC942}") = "DbgLib", "..\externalLibs\DbgLib\DbgLib\DbgLib.vcproj", "{5E06B00E-DAB1-41D2-81B6-B3D0A31B7E49}"
EndProject
Project("{8BC9CEB8-8B4A-11D0-8D11-00A0C91BC942}") = "RTHProfiler", "..\externalLibs\RTHProfiler\projects\msvc9\RTHProfiler.vcproj", "{F988AD85-AD6C-4F25-A383-9BEDE2ACE1F2}"
EndProject
Project("{8BC9CEB8-8B4A-11D0-8D11-00A0C91BC942}") = "SOIL", "..\externalLibs\SOIL\projects\VC9\SOIL.vcproj", "{C32FB2B4-500C-43CD-A099-EECCE079D3F1}"
EndProject
Project("{2150E333-8FDC-42A3-9474-1A3956D46DE8}") = "Libraries", "Libraries", "{9A5A63AA-0610-4C88-8D63-76FE9E7531CC}"
EndProject
Project("{2150E333-8FDC-42A3-9474-1A3956D46DE8}") = "CEGUI", "CEGUI", "{9C000B8B-F732-44E0-8C06-9CEE70E3FC5B}"
EndProject
Project("{8BC9CEB8-8B4A-11D0-8D11-00A0C91BC942}") = "CEGUIBase", "..\externalLibs\cegui\projects\premake\BaseSystem\CEGUIBase.vcproj", "{95A439DA-4956-AA45-A86D-C1876BD6E48C}"
EndProject
Project("{8BC9CEB8-8B4A-11D0-8D11-00A0C91BC942}") = "CEGUIOpenGLRenderer", "..\externalLibs\cegui\projects\premake\RendererModules\OpenGL\CEGUIOpenGLRenderer.vcproj", "{4CED6682-B5F6-C547-BB54-218E4462A79C}"
EndProject
Project("{8BC9CEB8-8B4A-11D0-8D11-00A0C91BC942}") = "CEGUIFalagardWRBase", "..\externalLibs\cegui\projects\premake\WindowRendererSets\Falagard\CEGUIFalagardWRBase.vcproj", "{8C06E950-B3EC-0146-83B2-3FF7BC19F56C}"
EndProject
Project("{8BC9CEB8-8B4A-11D0-8D11-00A0C91BC942}") = "CEGUIExpatParser", "..\externalLibs\cegui\projects\premake\XMLParserModules\expatParser\CEGUIExpatParser.vcproj", "{1E9BC011-CA16-E143-BB99-09CC64F67F46}"
EndProject
Project("{8BC9CEB8-8B4A-11D0-8D11-00A0C91BC942}") = "CEGUISILLYImageCodec", "..\externalLibs\cegui\projects\premake\ImageCodecModules\SILLYImageCodec\CEGUISILLYImageCodec.vcproj", "{DF6787C8-0FA1-0D4D-AE81-0F3450F4ACB7}"
EndProject
Project("{8BC9CEB8-8B4A-11D0-8D11-00A0C91BC942}") = "doc", "..\doc\userDocumentation\doc.vcproj", "{57D797D3-5853-4E8B-A89A-6F9D01B136F8}"
EndProject
Project("{8BC9CEB8-8B4A-11D0-8D11-00A0C91BC942}") = "angelscript", "..\externalLibs\angelscript\projects\msvc9\angelscript.vcproj", "{39E6AF97-6BA3-4A72-8C61-BCEBF214EBFD}"
EndProject
Global
	GlobalSection(SubversionScc) = preSolution
		Svn-Managed = True
		Manager = AnkhSVN - Subversion Support for Visual Studio
	EndGlobalSection
	GlobalSection(SolutionConfigurationPlatforms) = preSolution
		Debug|Win32 = Debug|Win32
		Deploy|Win32 = Deploy|Win32
		Develop|Win32 = Develop|Win32
		Release|Win32 = Release|Win32
	EndGlobalSection
	GlobalSection(ProjectConfigurationPlatforms) = postSolution
		{685FB3A5-4080-4FA7-8C69-AF6406E38DA6}.Debug|Win32.ActiveCfg = Debug|Win32
		{685FB3A5-4080-4FA7-8C69-AF6406E38DA6}.Debug|Win32.Build.0 = Debug|Win32
		{685FB3A5-4080-4FA7-8C69-AF6406E38DA6}.Deploy|Win32.ActiveCfg = Deploy_Develop|Win32
		{685FB3A5-4080-4FA7-8C69-AF6406E38DA6}.Deploy|Win32.Build.0 = Deploy_Develop|Win32
		{685FB3A5-4080-4FA7-8C69-AF6406E38DA6}.Develop|Win32.ActiveCfg = Develop|Win32
		{685FB3A5-4080-4FA7-8C69-AF6406E38DA6}.Develop|Win32.Build.0 = Develop|Win32
		{685FB3A5-4080-4FA7-8C69-AF6406E38DA6}.Release|Win32.ActiveCfg = Release|Win32
		{685FB3A5-4080-4FA7-8C69-AF6406E38DA6}.Release|Win32.Build.0 = Release|Win32
		{9CC704CB-4956-4479-BDEC-57CBC03F700E}.Debug|Win32.ActiveCfg = Debug|Win32
		{9CC704CB-4956-4479-BDEC-57CBC03F700E}.Debug|Win32.Build.0 = Debug|Win32
		{9CC704CB-4956-4479-BDEC-57CBC03F700E}.Deploy|Win32.ActiveCfg = Release|Win32
		{9CC704CB-4956-4479-BDEC-57CBC03F700E}.Deploy|Win32.Build.0 = Release|Win32
		{9CC704CB-4956-4479-BDEC-57CBC03F700E}.Develop|Win32.ActiveCfg = Develop|Win32
		{9CC704CB-4956-4479-BDEC-57CBC03F700E}.Develop|Win32.Build.0 = Develop|Win32
		{9CC704CB-4956-4479-BDEC-57CBC03F700E}.Release|Win32.ActiveCfg = Release|Win32
		{9CC704CB-4956-4479-BDEC-57CBC03F700E}.Release|Win32.Build.0 = Release|Win32
		{ABD59B39-A335-43E3-8087-0CEB68C4BEEA}.Debug|Win32.ActiveCfg = Debug|Win32
		{ABD59B39-A335-43E3-8087-0CEB68C4BEEA}.Debug|Win32.Build.0 = Debug|Win32
		{ABD59B39-A335-43E3-8087-0CEB68C4BEEA}.Deploy|Win32.ActiveCfg = Release|Win32
		{ABD59B39-A335-43E3-8087-0CEB68C4BEEA}.Deploy|Win32.Build.0 = Release|Win32
		{ABD59B39-A335-43E3-8087-0CEB68C4BEEA}.Develop|Win32.ActiveCfg = Develop|Win32
		{ABD59B39-A335-43E3-8087-0CEB68C4BEEA}.Develop|Win32.Build.0 = Develop|Win32
		{ABD59B39-A335-43E3-8087-0CEB68C4BEEA}.Release|Win32.ActiveCfg = Release|Win32
		{ABD59B39-A335-43E3-8087-0CEB68C4BEEA}.Release|Win32.Build.0 = Release|Win32
		{7A2DFC3D-516A-471D-A215-BD40E5E5AD9A}.Debug|Win32.ActiveCfg = Debug|Win32
		{7A2DFC3D-516A-471D-A215-BD40E5E5AD9A}.Debug|Win32.Build.0 = Debug|Win32
		{7A2DFC3D-516A-471D-A215-BD40E5E5AD9A}.Deploy|Win32.ActiveCfg = Release|Win32
		{7A2DFC3D-516A-471D-A215-BD40E5E5AD9A}.Deploy|Win32.Build.0 = Release|Win32
		{7A2DFC3D-516A-471D-A215-BD40E5E5AD9A}.Develop|Win32.ActiveCfg = Develop|Win32
		{7A2DFC3D-516A-471D-A215-BD40E5E5AD9A}.Develop|Win32.Build.0 = Develop|Win32
		{7A2DFC3D-516A-471D-A215-BD40E5E5AD9A}.Release|Win32.ActiveCfg = Release|Win32
		{7A2DFC3D-516A-471D-A215-BD40E5E5AD9A}.Release|Win32.Build.0 = Release|Win32
		{8AEC6643-4014-4B8F-A154-4F2172B202A8}.Debug|Win32.ActiveCfg = Debug|Win32
		{8AEC6643-4014-4B8F-A154-4F2172B202A8}.Debug|Win32.Build.0 = Debug|Win32
		{8AEC6643-4014-4B8F-A154-4F2172B202A8}.Deploy|Win32.ActiveCfg = Release|Win32
		{8AEC6643-4014-4B8F-A154-4F2172B202A8}.Deploy|Win32.Build.0 = Release|Win32
		{8AEC6643-4014-4B8F-A154-4F2172B202A8}.Develop|Win32.ActiveCfg = Develop|Win32
		{8AEC6643-4014-4B8F-A154-4F2172B202A8}.Develop|Win32.Build.0 = Develop|Win32
		{8AEC6643-4014-4B8F-A154-4F2172B202A8}.Release|Win32.ActiveCfg = Release|Win32
		{8AEC6643-4014-4B8F-A154-4F2172B202A8}.Release|Win32.Build.0 = Release|Win32
		{64A4FEFE-0461-4E95-8CC1-91EF5F57DBC6}.Debug|Win32.ActiveCfg = Debug|Win32
		{64A4FEFE-0461-4E95-8CC1-91EF5F57DBC6}.Debug|Win32.Build.0 = Debug|Win32
		{64A4FEFE-0461-4E95-8CC1-91EF5F57DBC6}.Deploy|Win32.ActiveCfg = Release|Win32
		{64A4FEFE-0461-4E95-8CC1-91EF5F57DBC6}.Deploy|Win32.Build.0 = Release|Win32
		{64A4FEFE-0461-4E95-8CC1-91EF5F57DBC6}.Develop|Win32.ActiveCfg = Debug|Win32
		{64A4FEFE-0461-4E95-8CC1-91EF5F57DBC6}.Develop|Win32.Build.0 = Debug|Win32
		{64A4FEFE-0461-4E95-8CC1-91EF5F57DBC6}.Release|Win32.ActiveCfg = Release|Win32
		{64A4FEFE-0461-4E95-8CC1-91EF5F57DBC6}.Release|Win32.Build.0 = Release|Win32
		{685FB3A5-4080-4FA7-8C69-AF6406E38DA5}.Debug|Win32.ActiveCfg = Debug|Win32
		{685FB3A5-4080-4FA7-8C69-AF6406E38DA5}.Debug|Win32.Build.0 = Debug|Win32
		{685FB3A5-4080-4FA7-8C69-AF6406E38DA5}.Deploy|Win32.ActiveCfg = Deploy_Develop|Win32
		{685FB3A5-4080-4FA7-8C69-AF6406E38DA5}.Deploy|Win32.Build.0 = Deploy_Develop|Win32
		{685FB3A5-4080-4FA7-8C69-AF6406E38DA5}.Develop|Win32.ActiveCfg = Develop|Win32
		{685FB3A5-4080-4FA7-8C69-AF6406E38DA5}.Develop|Win32.Build.0 = Develop|Win32
		{685FB3A5-4080-4FA7-8C69-AF6406E38DA5}.Release|Win32.ActiveCfg = Release|Win32
		{685FB3A5-4080-4FA7-8C69-AF6406E38DA5}.Release|Win32.Build.0 = Release|Win32
		{685FB3A5-4080-4FA7-8C69-AF6406E38DA7}.Debug|Win32.ActiveCfg = Debug|Win32
		{685FB3A5-4080-4FA7-8C69-AF6406E38DA7}.Debug|Win32.Build.0 = Debug|Win32
		{685FB3A5-4080-4FA7-8C69-AF6406E38DA7}.Deploy|Win32.ActiveCfg = Deploy_Develop|Win32
		{685FB3A5-4080-4FA7-8C69-AF6406E38DA7}.Deploy|Win32.Build.0 = Deploy_Develop|Win32
		{685FB3A5-4080-4FA7-8C69-AF6406E38DA7}.Develop|Win32.ActiveCfg = Develop|Win32
		{685FB3A5-4080-4FA7-8C69-AF6406E38DA7}.Develop|Win32.Build.0 = Develop|Win32
		{685FB3A5-4080-4FA7-8C69-AF6406E38DA7}.Release|Win32.ActiveCfg = Release|Win32
		{685FB3A5-4080-4FA7-8C69-AF6406E38DA7}.Release|Win32.Build.0 = Release|Win32
		{5E06B00E-DAB1-41D2-81B6-B3D0A31B7E49}.Debug|Win32.ActiveCfg = Debug|Win32
		{5E06B00E-DAB1-41D2-81B6-B3D0A31B7E49}.Debug|Win32.Build.0 = Debug|Win32
		{5E06B00E-DAB1-41D2-81B6-B3D0A31B7E49}.Deploy|Win32.ActiveCfg = Release|Win32
		{5E06B00E-DAB1-41D2-81B6-B3D0A31B7E49}.Deploy|Win32.Build.0 = Release|Win32
		{5E06B00E-DAB1-41D2-81B6-B3D0A31B7E49}.Develop|Win32.ActiveCfg = Develop|Win32
		{5E06B00E-DAB1-41D2-81B6-B3D0A31B7E49}.Develop|Win32.Build.0 = Develop|Win32
		{5E06B00E-DAB1-41D2-81B6-B3D0A31B7E49}.Release|Win32.ActiveCfg = Release|Win32
		{5E06B00E-DAB1-41D2-81B6-B3D0A31B7E49}.Release|Win32.Build.0 = Release|Win32
		{F988AD85-AD6C-4F25-A383-9BEDE2ACE1F2}.Debug|Win32.ActiveCfg = Debug|Win32
		{F988AD85-AD6C-4F25-A383-9BEDE2ACE1F2}.Debug|Win32.Build.0 = Debug|Win32
		{F988AD85-AD6C-4F25-A383-9BEDE2ACE1F2}.Deploy|Win32.ActiveCfg = Release|Win32
		{F988AD85-AD6C-4F25-A383-9BEDE2ACE1F2}.Deploy|Win32.Build.0 = Release|Win32
		{F988AD85-AD6C-4F25-A383-9BEDE2ACE1F2}.Develop|Win32.ActiveCfg = Develop|Win32
		{F988AD85-AD6C-4F25-A383-9BEDE2ACE1F2}.Develop|Win32.Build.0 = Develop|Win32
		{F988AD85-AD6C-4F25-A383-9BEDE2ACE1F2}.Release|Win32.ActiveCfg = Release|Win32
		{F988AD85-AD6C-4F25-A383-9BEDE2ACE1F2}.Release|Win32.Build.0 = Release|Win32
		{C32FB2B4-500C-43CD-A099-EECCE079D3F1}.Debug|Win32.ActiveCfg = Debug|Win32
		{C32FB2B4-500C-43CD-A099-EECCE079D3F1}.Debug|Win32.Build.0 = Debug|Win32
		{C32FB2B4-500C-43CD-A099-EECCE079D3F1}.Deploy|Win32.ActiveCfg = Release|Win32
		{C32FB2B4-500C-43CD-A099-EECCE079D3F1}.Deploy|Win32.Build.0 = Release|Win32
		{C32FB2B4-500C-43CD-A099-EECCE079D3F1}.Develop|Win32.ActiveCfg = Develop|Win32
		{C32FB2B4-500C-43CD-A099-EECCE079D3F1}.Develop|Win32.Build.0 = Develop|Win32
		{C32FB2B4-500C-43CD-A099-EECCE079D3F1}.Release|Win32.ActiveCfg = Release|Win32
		{C32FB2B4-500C-43CD-A099-EECCE079D3F1}.Release|Win32.Build.0 = Release|Win32
		{95A439DA-4956-AA45-A86D-C1876BD6E48C}.Debug|Win32.ActiveCfg = Debug_Static|Win32
		{95A439DA-4956-AA45-A86D-C1876BD6E48C}.Debug|Win32.Build.0 = Debug_Static|Win32
		{95A439DA-4956-AA45-A86D-C1876BD6E48C}.Deploy|Win32.ActiveCfg = Release_Static|Win32
		{95A439DA-4956-AA45-A86D-C1876BD6E48C}.Deploy|Win32.Build.0 = Release_Static|Win32
		{95A439DA-4956-AA45-A86D-C1876BD6E48C}.Develop|Win32.ActiveCfg = Release_Static|Win32
		{95A439DA-4956-AA45-A86D-C1876BD6E48C}.Develop|Win32.Build.0 = Release_Static|Win32
		{95A439DA-4956-AA45-A86D-C1876BD6E48C}.Release|Win32.ActiveCfg = Release_Static|Win32
		{95A439DA-4956-AA45-A86D-C1876BD6E48C}.Release|Win32.Build.0 = Release_Static|Win32
		{4CED6682-B5F6-C547-BB54-218E4462A79C}.Debug|Win32.ActiveCfg = Debug_Static|Win32
		{4CED6682-B5F6-C547-BB54-218E4462A79C}.Debug|Win32.Build.0 = Debug_Static|Win32
		{4CED6682-B5F6-C547-BB54-218E4462A79C}.Deploy|Win32.ActiveCfg = Release_Static|Win32
		{4CED6682-B5F6-C547-BB54-218E4462A79C}.Deploy|Win32.Build.0 = Release_Static|Win32
		{4CED6682-B5F6-C547-BB54-218E4462A79C}.Develop|Win32.ActiveCfg = Release_Static|Win32
		{4CED6682-B5F6-C547-BB54-218E4462A79C}.Develop|Win32.Build.0 = Release_Static|Win32
		{4CED6682-B5F6-C547-BB54-218E4462A79C}.Release|Win32.ActiveCfg = Release_Static|Win32
		{4CED6682-B5F6-C547-BB54-218E4462A79C}.Release|Win32.Build.0 = Release_Static|Win32
		{8C06E950-B3EC-0146-83B2-3FF7BC19F56C}.Debug|Win32.ActiveCfg = Debug_Static|Win32
		{8C06E950-B3EC-0146-83B2-3FF7BC19F56C}.Debug|Win32.Build.0 = Debug_Static|Win32
		{8C06E950-B3EC-0146-83B2-3FF7BC19F56C}.Deploy|Win32.ActiveCfg = Release_Static|Win32
		{8C06E950-B3EC-0146-83B2-3FF7BC19F56C}.Deploy|Win32.Build.0 = Release_Static|Win32
		{8C06E950-B3EC-0146-83B2-3FF7BC19F56C}.Develop|Win32.ActiveCfg = Release_Static|Win32
		{8C06E950-B3EC-0146-83B2-3FF7BC19F56C}.Develop|Win32.Build.0 = Release_Static|Win32
		{8C06E950-B3EC-0146-83B2-3FF7BC19F56C}.Release|Win32.ActiveCfg = Release_Static|Win32
		{8C06E950-B3EC-0146-83B2-3FF7BC19F56C}.Release|Win32.Build.0 = Release_Static|Win32
		{1E9BC011-CA16-E143-BB99-09CC64F67F46}.Debug|Win32.ActiveCfg = Debug_Static|Win32
		{1E9BC011-CA16-E143-BB99-09CC64F67F46}.Debug|Win32.Build.0 = Debug_Static|Win32
		{1E9BC011-CA16-E143-BB99-09CC64F67F46}.Deploy|Win32.ActiveCfg = Release_Static|Win32
		{1E9BC011-CA16-E143-BB99-09CC64F67F46}.Deploy|Win32.Build.0 = Release_Static|Win32
		{1E9BC011-CA16-E143-BB99-09CC64F67F46}.Develop|Win32.ActiveCfg = Release_Static|Win32
		{1E9BC011-CA16-E143-BB99-09CC64F67F46}.Develop|Win32.Build.0 = Release_Static|Win32
		{1E9BC011-CA16-E143-BB99-09CC64F67F46}.Release|Win32.ActiveCfg = Release_Static|Win32
		{1E9BC011-CA16-E143-BB99-09CC64F67F46}.Release|Win32.Build.0 = Release_Static|Win32
		{DF6787C8-0FA1-0D4D-AE81-0F3450F4ACB7}.Debug|Win32.ActiveCfg = Debug_Static|Win32
		{DF6787C8-0FA1-0D4D-AE81-0F3450F4ACB7}.Debug|Win32.Build.0 = Debug_Static|Win32
		{DF6787C8-0FA1-0D4D-AE81-0F3450F4ACB7}.Deploy|Win32.ActiveCfg = Release_Static|Win32
		{DF6787C8-0FA1-0D4D-AE81-0F3450F4ACB7}.Deploy|Win32.Build.0 = Release_Static|Win32
		{DF6787C8-0FA1-0D4D-AE81-0F3450F4ACB7}.Develop|Win32.ActiveCfg = Release_Static|Win32
		{DF6787C8-0FA1-0D4D-AE81-0F3450F4ACB7}.Develop|Win32.Build.0 = Release_Static|Win32
		{DF6787C8-0FA1-0D4D-AE81-0F3450F4ACB7}.Release|Win32.ActiveCfg = Release_Static|Win32
		{DF6787C8-0FA1-0D4D-AE81-0F3450F4ACB7}.Release|Win32.Build.0 = Release_Static|Win32
		{57D797D3-5853-4E8B-A89A-6F9D01B136F8}.Debug|Win32.ActiveCfg = Debug|Win32
		{57D797D3-5853-4E8B-A89A-6F9D01B136F8}.Debug|Win32.Build.0 = Debug|Win32
		{57D797D3-5853-4E8B-A89A-6F9D01B136F8}.Deploy|Win32.ActiveCfg = Release|Win32
		{57D797D3-5853-4E8B-A89A-6F9D01B136F8}.Deploy|Win32.Build.0 = Release|Win32
		{57D797D3-5853-4E8B-A89A-6F9D01B136F8}.Develop|Win32.ActiveCfg = Debug|Win32
		{57D797D3-5853-4E8B-A89A-6F9D01B136F8}.Develop|Win32.Build.0 = Debug|Win32
		{57D797D3-5853-4E8B-A89A-6F9D01B136F8}.Release|Win32.ActiveCfg = Release|Win32
		{57D797D3-5853-4E8B-A89A-6F9D01B136F8}.Release|Win32.Build.0 = Release|Win32
		{39E6AF97-6BA3-4A72-8C61-BCEBF214EBFD}.Debug|Win32.ActiveCfg = Debug|Win32
		{39E6AF97-6BA3-4A72-8C61-BCEBF214EBFD}.Debug|Win32.Build.0 = Debug|Win32
		{39E6AF97-6BA3-4A72-8C61-BCEBF214EBFD}.Deploy|Win32.ActiveCfg = Release|Win32
		{39E6AF97-6BA3-4A72-8C61-BCEBF214EBFD}.Deploy|Win32.Build.0 = Release|Win32
		{39E6AF97-6BA3-4A72-8C61-BCEBF214EBFD}.Develop|Win32.ActiveCfg = Debug|Win32
		{39E6AF97-6BA3-4A72-8C61-BCEBF214EBFD}.Develop|Win32.Build.0 = Debug|Win32
		{39E6AF97-6BA3-4A72-8C61-BCEBF214EBFD}.Release|Win32.ActiveCfg = Release|Win32
		{39E6AF97-6BA3-4A72-8C61-BCEBF214EBFD}.Release|Win32.Build.0 = Release|Win32
	EndGlobalSection
	GlobalSection(SolutionProperties) = preSolution
		HideSolutionNode = FALSE
	EndGlobalSection
	GlobalSection(NestedProjects) = preSolution
		{ABD59B39-A335-43E3-8087-0CEB68C4BEEA} = {9A5A63AA-0610-4C88-8D63-76FE9E7531CC}
		{7A2DFC3D-516A-471D-A215-BD40E5E5AD9A} = {9A5A63AA-0610-4C88-8D63-76FE9E7531CC}
		{8AEC6643-4014-4B8F-A154-4F2172B202A8} = {9A5A63AA-0610-4C88-8D63-76FE9E7531CC}
		{64A4FEFE-0461-4E95-8CC1-91EF5F57DBC6} = {9A5A63AA-0610-4C88-8D63-76FE9E7531CC}
		{5E06B00E-DAB1-41D2-81B6-B3D0A31B7E49} = {9A5A63AA-0610-4C88-8D63-76FE9E7531CC}
		{F988AD85-AD6C-4F25-A383-9BEDE2ACE1F2} = {9A5A63AA-0610-4C88-8D63-76FE9E7531CC}
		{C32FB2B4-500C-43CD-A099-EECCE079D3F1} = {9A5A63AA-0610-4C88-8D63-76FE9E7531CC}
		{9CC704CB-4956-4479-BDEC-57CBC03F700E} = {9A5A63AA-0610-4C88-8D63-76FE9E7531CC}
		{9C000B8B-F732-44E0-8C06-9CEE70E3FC5B} = {9A5A63AA-0610-4C88-8D63-76FE9E7531CC}
		{39E6AF97-6BA3-4A72-8C61-BCEBF214EBFD} = {9A5A63AA-0610-4C88-8D63-76FE9E7531CC}
		{95A439DA-4956-AA45-A86D-C1876BD6E48C} = {9C000B8B-F732-44E0-8C06-9CEE70E3FC5B}
		{4CED6682-B5F6-C547-BB54-218E4462A79C} = {9C000B8B-F732-44E0-8C06-9CEE70E3FC5B}
		{8C06E950-B3EC-0146-83B2-3FF7BC19F56C} = {9C000B8B-F732-44E0-8C06-9CEE70E3FC5B}
		{1E9BC011-CA16-E143-BB99-09CC64F67F46} = {9C000B8B-F732-44E0-8C06-9CEE70E3FC5B}
		{DF6787C8-0FA1-0D4D-AE81-0F3450F4ACB7} = {9C000B8B-F732-44E0-8C06-9CEE70E3FC5B}
	EndGlobalSection
EndGlobal
