Microsoft Visual Studio Solution File, Format Version 10.00
# Visual Studio 2008
Project("{8BC9CEB8-8B4A-11D0-8D11-00A0C91BC942}") = "_Ocerus", "Ocerus.vcproj", "{685FB3A5-4080-4FA7-8C69-AF6406E38DA6}"
	ProjectSection(ProjectDependencies) = postProject
		{5E06B00E-DAB1-41D2-81B6-B3D0A31B7E49} = {5E06B00E-DAB1-41D2-81B6-B3D0A31B7E49}
		{685FB3A5-4080-4FA7-8C69-AF6406E38DA5} = {685FB3A5-4080-4FA7-8C69-AF6406E38DA5}
	EndProjectSection
EndProject
Project("{8BC9CEB8-8B4A-11D0-8D11-00A0C91BC942}") = "hge", "..\externalLibs\hge\src\core\hge.vcproj", "{FB1A9503-D67D-4311-AB3B-113DAD7D6F9F}"
EndProject
Project("{8BC9CEB8-8B4A-11D0-8D11-00A0C91BC942}") = "OIS", "..\externalLibs\ois\Win32\OIS.vcproj", "{9CC704CB-4956-4479-BDEC-57CBC03F700E}"
EndProject
Project("{8BC9CEB8-8B4A-11D0-8D11-00A0C91BC942}") = "hgehelp", "..\externalLibs\hge\src\helpers\hgehelp.vcproj", "{6541DC36-B249-4986-AF71-72CAAE29D71F}"
EndProject
Project("{8BC9CEB8-8B4A-11D0-8D11-00A0C91BC942}") = "RudeConfig", "..\externalLibs\rudeconfig\RudeConfig.vcproj", "{ABD59B39-A335-43E3-8087-0CEB68C4BEEA}"
EndProject
Project("{8BC9CEB8-8B4A-11D0-8D11-00A0C91BC942}") = "Box2D", "..\externalLibs\Box2D\Build\VC8\Box2D.vcproj", "{7A2DFC3D-516A-471D-A215-BD40E5E5AD9A}"
EndProject
Project("{8BC9CEB8-8B4A-11D0-8D11-00A0C91BC942}") = "expat", "..\externalLibs\expat\lib\expat.vcproj", "{8AEC6643-4014-4B8F-A154-4F2172B202A8}"
EndProject
Project("{8BC9CEB8-8B4A-11D0-8D11-00A0C91BC942}") = "UnitTest++", "..\externalLibs\UnitTest++\UnitTest++.vsnet2008.vcproj", "{64A4FEFE-0461-4E95-8CC1-91EF5F57DBC6}"
EndProject
Project("{8BC9CEB8-8B4A-11D0-8D11-00A0C91BC942}") = "_Engine", "Engine.vcproj", "{685FB3A5-4080-4FA7-8C69-AF6406E38DA5}"
	ProjectSection(ProjectDependencies) = postProject
		{FB1A9503-D67D-4311-AB3B-113DAD7D6F9F} = {FB1A9503-D67D-4311-AB3B-113DAD7D6F9F}
		{6541DC36-B249-4986-AF71-72CAAE29D71F} = {6541DC36-B249-4986-AF71-72CAAE29D71F}
		{ABD59B39-A335-43E3-8087-0CEB68C4BEEA} = {ABD59B39-A335-43E3-8087-0CEB68C4BEEA}
		{7A2DFC3D-516A-471D-A215-BD40E5E5AD9A} = {7A2DFC3D-516A-471D-A215-BD40E5E5AD9A}
		{8AEC6643-4014-4B8F-A154-4F2172B202A8} = {8AEC6643-4014-4B8F-A154-4F2172B202A8}
		{39E6AF97-6BA3-4A72-8C61-BCEBF214EBFD} = {39E6AF97-6BA3-4A72-8C61-BCEBF214EBFD}
		{9CC704CB-4956-4479-BDEC-57CBC03F700E} = {9CC704CB-4956-4479-BDEC-57CBC03F700E}
	EndProjectSection
EndProject
Project("{8BC9CEB8-8B4A-11D0-8D11-00A0C91BC942}") = "_Test", "Test.vcproj", "{685FB3A5-4080-4FA7-8C69-AF6406E38DA7}"
	ProjectSection(ProjectDependencies) = postProject
		{685FB3A5-4080-4FA7-8C69-AF6406E38DA5} = {685FB3A5-4080-4FA7-8C69-AF6406E38DA5}
		{64A4FEFE-0461-4E95-8CC1-91EF5F57DBC6} = {64A4FEFE-0461-4E95-8CC1-91EF5F57DBC6}
	EndProjectSection
EndProject
Project("{8BC9CEB8-8B4A-11D0-8D11-00A0C91BC942}") = "DbgLib", "..\externalLibs\DbgLib\DbgLib\DbgLib.vcproj", "{5E06B00E-DAB1-41D2-81B6-B3D0A31B7E49}"
EndProject
Project("{8BC9CEB8-8B4A-11D0-8D11-00A0C91BC942}") = "angelscript", "..\externalLibs\angelscript\projects\msvc9\angelscript.vcproj", "{39E6AF97-6BA3-4A72-8C61-BCEBF214EBFD}"
EndProject
Global
	GlobalSection(SolutionConfigurationPlatforms) = preSolution
		Debug|Win32 = Debug|Win32
		Develop|Win32 = Develop|Win32
		Release|Win32 = Release|Win32
	EndGlobalSection
	GlobalSection(ProjectConfigurationPlatforms) = postSolution
		{685FB3A5-4080-4FA7-8C69-AF6406E38DA6}.Debug|Win32.ActiveCfg = Debug|Win32
		{685FB3A5-4080-4FA7-8C69-AF6406E38DA6}.Debug|Win32.Build.0 = Debug|Win32
		{685FB3A5-4080-4FA7-8C69-AF6406E38DA6}.Develop|Win32.ActiveCfg = Develop|Win32
		{685FB3A5-4080-4FA7-8C69-AF6406E38DA6}.Develop|Win32.Build.0 = Develop|Win32
		{685FB3A5-4080-4FA7-8C69-AF6406E38DA6}.Release|Win32.ActiveCfg = Release|Win32
		{685FB3A5-4080-4FA7-8C69-AF6406E38DA6}.Release|Win32.Build.0 = Release|Win32
		{FB1A9503-D67D-4311-AB3B-113DAD7D6F9F}.Debug|Win32.ActiveCfg = Debug|Win32
		{FB1A9503-D67D-4311-AB3B-113DAD7D6F9F}.Debug|Win32.Build.0 = Debug|Win32
		{FB1A9503-D67D-4311-AB3B-113DAD7D6F9F}.Develop|Win32.ActiveCfg = Develop|Win32
		{FB1A9503-D67D-4311-AB3B-113DAD7D6F9F}.Develop|Win32.Build.0 = Develop|Win32
		{FB1A9503-D67D-4311-AB3B-113DAD7D6F9F}.Release|Win32.ActiveCfg = Release|Win32
		{FB1A9503-D67D-4311-AB3B-113DAD7D6F9F}.Release|Win32.Build.0 = Release|Win32
		{9CC704CB-4956-4479-BDEC-57CBC03F700E}.Debug|Win32.ActiveCfg = Debug|Win32
		{9CC704CB-4956-4479-BDEC-57CBC03F700E}.Debug|Win32.Build.0 = Debug|Win32
		{9CC704CB-4956-4479-BDEC-57CBC03F700E}.Develop|Win32.ActiveCfg = Develop|Win32
		{9CC704CB-4956-4479-BDEC-57CBC03F700E}.Develop|Win32.Build.0 = Develop|Win32
		{9CC704CB-4956-4479-BDEC-57CBC03F700E}.Release|Win32.ActiveCfg = Release|Win32
		{9CC704CB-4956-4479-BDEC-57CBC03F700E}.Release|Win32.Build.0 = Release|Win32
		{6541DC36-B249-4986-AF71-72CAAE29D71F}.Debug|Win32.ActiveCfg = Debug|Win32
		{6541DC36-B249-4986-AF71-72CAAE29D71F}.Debug|Win32.Build.0 = Debug|Win32
		{6541DC36-B249-4986-AF71-72CAAE29D71F}.Develop|Win32.ActiveCfg = Develop|Win32
		{6541DC36-B249-4986-AF71-72CAAE29D71F}.Develop|Win32.Build.0 = Develop|Win32
		{6541DC36-B249-4986-AF71-72CAAE29D71F}.Release|Win32.ActiveCfg = Release|Win32
		{6541DC36-B249-4986-AF71-72CAAE29D71F}.Release|Win32.Build.0 = Release|Win32
		{ABD59B39-A335-43E3-8087-0CEB68C4BEEA}.Debug|Win32.ActiveCfg = Debug|Win32
		{ABD59B39-A335-43E3-8087-0CEB68C4BEEA}.Debug|Win32.Build.0 = Debug|Win32
		{ABD59B39-A335-43E3-8087-0CEB68C4BEEA}.Develop|Win32.ActiveCfg = Develop|Win32
		{ABD59B39-A335-43E3-8087-0CEB68C4BEEA}.Develop|Win32.Build.0 = Develop|Win32
		{ABD59B39-A335-43E3-8087-0CEB68C4BEEA}.Release|Win32.ActiveCfg = Release|Win32
		{ABD59B39-A335-43E3-8087-0CEB68C4BEEA}.Release|Win32.Build.0 = Release|Win32
		{7A2DFC3D-516A-471D-A215-BD40E5E5AD9A}.Debug|Win32.ActiveCfg = Debug|Win32
		{7A2DFC3D-516A-471D-A215-BD40E5E5AD9A}.Debug|Win32.Build.0 = Debug|Win32
		{7A2DFC3D-516A-471D-A215-BD40E5E5AD9A}.Develop|Win32.ActiveCfg = Develop|Win32
		{7A2DFC3D-516A-471D-A215-BD40E5E5AD9A}.Develop|Win32.Build.0 = Develop|Win32
		{7A2DFC3D-516A-471D-A215-BD40E5E5AD9A}.Release|Win32.ActiveCfg = Release|Win32
		{7A2DFC3D-516A-471D-A215-BD40E5E5AD9A}.Release|Win32.Build.0 = Release|Win32
		{8AEC6643-4014-4B8F-A154-4F2172B202A8}.Debug|Win32.ActiveCfg = Debug|Win32
		{8AEC6643-4014-4B8F-A154-4F2172B202A8}.Debug|Win32.Build.0 = Debug|Win32
		{8AEC6643-4014-4B8F-A154-4F2172B202A8}.Develop|Win32.ActiveCfg = Develop|Win32
		{8AEC6643-4014-4B8F-A154-4F2172B202A8}.Develop|Win32.Build.0 = Develop|Win32
		{8AEC6643-4014-4B8F-A154-4F2172B202A8}.Release|Win32.ActiveCfg = Release|Win32
		{8AEC6643-4014-4B8F-A154-4F2172B202A8}.Release|Win32.Build.0 = Release|Win32
		{64A4FEFE-0461-4E95-8CC1-91EF5F57DBC6}.Debug|Win32.ActiveCfg = Debug|Win32
		{64A4FEFE-0461-4E95-8CC1-91EF5F57DBC6}.Debug|Win32.Build.0 = Debug|Win32
		{64A4FEFE-0461-4E95-8CC1-91EF5F57DBC6}.Develop|Win32.ActiveCfg = Debug|Win32
		{64A4FEFE-0461-4E95-8CC1-91EF5F57DBC6}.Develop|Win32.Build.0 = Debug|Win32
		{64A4FEFE-0461-4E95-8CC1-91EF5F57DBC6}.Release|Win32.ActiveCfg = Release|Win32
		{64A4FEFE-0461-4E95-8CC1-91EF5F57DBC6}.Release|Win32.Build.0 = Release|Win32
		{685FB3A5-4080-4FA7-8C69-AF6406E38DA5}.Debug|Win32.ActiveCfg = Debug|Win32
		{685FB3A5-4080-4FA7-8C69-AF6406E38DA5}.Debug|Win32.Build.0 = Debug|Win32
		{685FB3A5-4080-4FA7-8C69-AF6406E38DA5}.Develop|Win32.ActiveCfg = Develop|Win32
		{685FB3A5-4080-4FA7-8C69-AF6406E38DA5}.Develop|Win32.Build.0 = Develop|Win32
		{685FB3A5-4080-4FA7-8C69-AF6406E38DA5}.Release|Win32.ActiveCfg = Release|Win32
		{685FB3A5-4080-4FA7-8C69-AF6406E38DA5}.Release|Win32.Build.0 = Release|Win32
		{685FB3A5-4080-4FA7-8C69-AF6406E38DA7}.Debug|Win32.ActiveCfg = Debug|Win32
		{685FB3A5-4080-4FA7-8C69-AF6406E38DA7}.Debug|Win32.Build.0 = Debug|Win32
		{685FB3A5-4080-4FA7-8C69-AF6406E38DA7}.Develop|Win32.ActiveCfg = Develop|Win32
		{685FB3A5-4080-4FA7-8C69-AF6406E38DA7}.Develop|Win32.Build.0 = Develop|Win32
		{685FB3A5-4080-4FA7-8C69-AF6406E38DA7}.Release|Win32.ActiveCfg = Release|Win32
		{685FB3A5-4080-4FA7-8C69-AF6406E38DA7}.Release|Win32.Build.0 = Release|Win32
		{5E06B00E-DAB1-41D2-81B6-B3D0A31B7E49}.Debug|Win32.ActiveCfg = Debug|Win32
		{5E06B00E-DAB1-41D2-81B6-B3D0A31B7E49}.Debug|Win32.Build.0 = Debug|Win32
		{5E06B00E-DAB1-41D2-81B6-B3D0A31B7E49}.Develop|Win32.ActiveCfg = Develop|Win32
		{5E06B00E-DAB1-41D2-81B6-B3D0A31B7E49}.Develop|Win32.Build.0 = Develop|Win32
		{5E06B00E-DAB1-41D2-81B6-B3D0A31B7E49}.Release|Win32.ActiveCfg = Release|Win32
		{5E06B00E-DAB1-41D2-81B6-B3D0A31B7E49}.Release|Win32.Build.0 = Release|Win32
		{39E6AF97-6BA3-4A72-8C61-BCEBF214EBFD}.Debug|Win32.ActiveCfg = Debug|Win32
		{39E6AF97-6BA3-4A72-8C61-BCEBF214EBFD}.Debug|Win32.Build.0 = Debug|Win32
		{39E6AF97-6BA3-4A72-8C61-BCEBF214EBFD}.Develop|Win32.ActiveCfg = Develop|Win32
		{39E6AF97-6BA3-4A72-8C61-BCEBF214EBFD}.Develop|Win32.Build.0 = Develop|Win32
		{39E6AF97-6BA3-4A72-8C61-BCEBF214EBFD}.Release|Win32.ActiveCfg = Release|Win32
		{39E6AF97-6BA3-4A72-8C61-BCEBF214EBFD}.Release|Win32.Build.0 = Release|Win32
	EndGlobalSection
	GlobalSection(SolutionProperties) = preSolution
		HideSolutionNode = FALSE
	EndGlobalSection
	GlobalSection(SubversionScc) = preSolution
		Svn-Managed = True
		Manager = AnkhSVN - Subversion Support for Visual Studio
	EndGlobalSection
EndGlobal
